// !$*UTF8*$!
{
	archiveVersion = 1;
	classes = {
	};
	objectVersion = 56;
	objects = {

/* Begin PBXBuildFile section */
		BE4278EB29D127EF005247D8 /* NovaKeyboardApp.swift in Sources */ = {isa = PBXBuildFile; fileRef = BE4278EA29D127EF005247D8 /* NovaKeyboardApp.swift */; };
		BE4278ED29D127EF005247D8 /* ContentView.swift in Sources */ = {isa = PBXBuildFile; fileRef = BE4278EC29D127EF005247D8 /* ContentView.swift */; };
		SAFARI0002 /* SafariView.swift in Sources */ = {isa = PBXBuildFile; fileRef = SAFARI0001 /* SafariView.swift */; };
		BE4278EF29D127F0005247D8 /* Assets.xcassets in Resources */ = {isa = PBXBuildFile; fileRef = BE4278EE29D127F0005247D8 /* Assets.xcassets */; };
		BE4278F229D127F0005247D8 /* Preview Assets.xcassets in Resources */ = {isa = PBXBuildFile; fileRef = BE4278F129D127F0005247D8 /* Preview Assets.xcassets */; };
		BE42791B29D12807005247D8 /* KeyboardViewController.swift in Sources */ = {isa = PBXBuildFile; fileRef = BE42791A29D12807005247D8 /* KeyboardViewController.swift */; };
		NK0MOD0000000000000000B0 /* Models.swift in Sources */ = {isa = PBXBuildFile; fileRef = NK0MOD0000000000000000R0 /* Models.swift */; };
		NK0ENG0000000000000000B0 /* NovaAIEngine.swift in Sources */ = {isa = PBXBuildFile; fileRef = NK0ENG0000000000000000R0 /* NovaAIEngine.swift */; };
		NK0VIEW000000000000000B0 /* NovaKeyboardView.swift in Sources */ = {isa = PBXBuildFile; fileRef = NK0VIEW000000000000000R0 /* NovaKeyboardView.swift */; };
		NK0VIEWUI0000000000000B0 /* NovaKeyboardView+UI.swift in Sources */ = {isa = PBXBuildFile; fileRef = NK0VIEWUI0000000000000R0 /* NovaKeyboardView+UI.swift */; };
		NK0VIEWPG0000000000000B0 /* NovaKeyboardView+Pages.swift in Sources */ = {isa = PBXBuildFile; fileRef = NK0VIEWPG0000000000000R0 /* NovaKeyboardView+Pages.swift */; };
		NK0VIEWKY0000000000000B0 /* NovaKeyboardView+Keys.swift in Sources */ = {isa = PBXBuildFile; fileRef = NK0VIEWKY0000000000000R0 /* NovaKeyboardView+Keys.swift */; };
		NK0VIEWLG0000000000000B0 /* NovaKeyboardView+Logic.swift in Sources */ = {isa = PBXBuildFile; fileRef = NK0VIEWLG0000000000000R0 /* NovaKeyboardView+Logic.swift */; };
		NK0INPENG000000000000B0 /* InputEngine.swift in Sources */ = {isa = PBXBuildFile; fileRef = NK0INPENG000000000000R0 /* InputEngine.swift */; };
		BE42791F29D12807005247D8 /* NovaKeyboard.appex in Embed Foundation Extensions */ = {isa = PBXBuildFile; fileRef = BE42791829D12807005247D8 /* NovaKeyboard.appex */; settings = {ATTRIBUTES = (RemoveHeadersOnCopy, ); }; };
		BE638D0929D29DB40038278B /* Assets.xcassets in Resources */ = {isa = PBXBuildFile; fileRef = BE4278EE29D127F0005247D8 /* Assets.xcassets */; };
/* End PBXBuildFile section */

/* Begin PBXContainerItemProxy section */
		BE42791D29D12807005247D8 /* PBXContainerItemProxy */ = {
			isa = PBXContainerItemProxy;
			containerPortal = BE4278DF29D127EF005247D8 /* Project object */;
			proxyType = 1;
			remoteGlobalIDString = BE42791729D12807005247D8;
			remoteInfo = NovaKeyboard;
		};
/* End PBXContainerItemProxy section */

/* Begin PBXCopyFilesBuildPhase section */
		BE42792329D12807005247D8 /* Embed Foundation Extensions */ = {
			isa = PBXCopyFilesBuildPhase;
			buildActionMask = 2147483647;
			dstPath = "";
			dstSubfolderSpec = 13;
			files = (
				BE42791F29D12807005247D8 /* NovaKeyboard.appex in Embed Foundation Extensions */,
			);
			name = "Embed Foundation Extensions";
			runOnlyForDeploymentPostprocessing = 0;
		};
/* End PBXCopyFilesBuildPhase section */

/* Begin PBXFileReference section */
		BE21386D2BC6398600868046 /* Info.plist */ = {isa = PBXFileReference; lastKnownFileType = text.plist; path = Info.plist; sourceTree = "<group>"; };
		BE4278E729D127EF005247D8 /* NovaKeyboardAI.app */ = {isa = PBXFileReference; explicitFileType = wrapper.application; includeInIndex = 0; path = NovaKeyboardAI.app; sourceTree = BUILT_PRODUCTS_DIR; };
		BE4278EA29D127EF005247D8 /* NovaKeyboardApp.swift */ = {isa = PBXFileReference; lastKnownFileType = sourcecode.swift; path = NovaKeyboardApp.swift; sourceTree = "<group>"; };
		BE4278EC29D127EF005247D8 /* ContentView.swift */ = {isa = PBXFileReference; lastKnownFileType = sourcecode.swift; path = ContentView.swift; sourceTree = "<group>"; };
		SAFARI0001 /* SafariView.swift */ = {isa = PBXFileReference; lastKnownFileType = sourcecode.swift; path = SafariView.swift; sourceTree = "<group>"; };
		BE4278EE29D127F0005247D8 /* Assets.xcassets */ = {isa = PBXFileReference; lastKnownFileType = folder.assetcatalog; path = Assets.xcassets; sourceTree = "<group>"; };
		BE4278F129D127F0005247D8 /* Preview Assets.xcassets */ = {isa = PBXFileReference; lastKnownFileType = folder.assetcatalog; path = "Preview Assets.xcassets"; sourceTree = "<group>"; };
		BE42791829D12807005247D8 /* NovaKeyboard.appex */ = {isa = PBXFileReference; explicitFileType = "wrapper.app-extension"; includeInIndex = 0; path = NovaKeyboard.appex; sourceTree = BUILT_PRODUCTS_DIR; };
		BE42791A29D12807005247D8 /* KeyboardViewController.swift */ = {isa = PBXFileReference; lastKnownFileType = sourcecode.swift; path = KeyboardViewController.swift; sourceTree = "<group>"; };
		NK0MOD0000000000000000R0 /* Models.swift */ = {isa = PBXFileReference; lastKnownFileType = sourcecode.swift; path = Models.swift; sourceTree = "<group>"; };
		NK0ENG0000000000000000R0 /* NovaAIEngine.swift */ = {isa = PBXFileReference; lastKnownFileType = sourcecode.swift; path = NovaAIEngine.swift; sourceTree = "<group>"; };
		NK0VIEW000000000000000R0 /* NovaKeyboardView.swift */ = {isa = PBXFileReference; lastKnownFileType = sourcecode.swift; path = NovaKeyboardView.swift; sourceTree = "<group>"; };
		NK0VIEWUI0000000000000R0 /* NovaKeyboardView+UI.swift */ = {isa = PBXFileReference; lastKnownFileType = sourcecode.swift; path = "NovaKeyboardView+UI.swift"; sourceTree = "<group>"; };
		NK0VIEWPG0000000000000R0 /* NovaKeyboardView+Pages.swift */ = {isa = PBXFileReference; lastKnownFileType = sourcecode.swift; path = "NovaKeyboardView+Pages.swift"; sourceTree = "<group>"; };
		NK0VIEWKY0000000000000R0 /* NovaKeyboardView+Keys.swift */ = {isa = PBXFileReference; lastKnownFileType = sourcecode.swift; path = "NovaKeyboardView+Keys.swift"; sourceTree = "<group>"; };
		NK0VIEWLG0000000000000R0 /* NovaKeyboardView+Logic.swift */ = {isa = PBXFileReference; lastKnownFileType = sourcecode.swift; path = "NovaKeyboardView+Logic.swift"; sourceTree = "<group>"; };
		NK0INPENG000000000000R0 /* InputEngine.swift */ = {isa = PBXFileReference; lastKnownFileType = sourcecode.swift; path = InputEngine.swift; sourceTree = "<group>"; };
		BE42791C29D12807005247D8 /* Info.plist */ = {isa = PBXFileReference; lastKnownFileType = text.plist.xml; path = Info.plist; sourceTree = "<group>"; };
		BE42792429D12A6E005247D8 /* NovaKeyboard.entitlements */ = {isa = PBXFileReference; lastKnownFileType = text.plist.entitlements; path = NovaKeyboard.entitlements; sourceTree = "<group>"; };
		BE42792529D12A79005247D8 /* NovaKeyboardAI.entitlements */ = {isa = PBXFileReference; lastKnownFileType = text.plist.entitlements; path = NovaKeyboardAI.entitlements; sourceTree = "<group>"; };
		BEA37B6E29F09A2200CA9E00 /* README.md */ = {isa = PBXFileReference; lastKnownFileType = net.daringfireball.markdown; name = README.md; path = README.md; sourceTree = "<group>"; };
/* End PBXFileReference section */

/* Begin PBXFrameworksBuildPhase section */
		BE4278E429D127EF005247D8 /* Frameworks */ = {
			isa = PBXFrameworksBuildPhase;
			buildActionMask = 2147483647;
			files = (
			);
			runOnlyForDeploymentPostprocessing = 0;
		};
		BE42791529D12807005247D8 /* Frameworks */ = {
			isa = PBXFrameworksBuildPhase;
			buildActionMask = 2147483647;
			files = (
			);
			runOnlyForDeploymentPostprocessing = 0;
		};
/* End PBXFrameworksBuildPhase section */

/* Begin PBXGroup section */
		BE4278DE29D127EF005247D8 = {
			isa = PBXGroup;
			children = (
				BEA37B6E29F09A2200CA9E00 /* README.md */,
				BE4278E929D127EF005247D8 /* NovaKeyboardAI */,
				BE42791929D12807005247D8 /* NovaKeyboard */,
				BE4278E829D127EF005247D8 /* Products */,
			);
			sourceTree = "<group>";
		};
		BE4278E829D127EF005247D8 /* Products */ = {
			isa = PBXGroup;
			children = (
				BE4278E729D127EF005247D8 /* NovaKeyboardAI.app */,
				BE42791829D12807005247D8 /* NovaKeyboard.appex */,
			);
			name = Products;
			sourceTree = "<group>";
		};
		BE4278E929D127EF005247D8 /* NovaKeyboardAI */ = {
			isa = PBXGroup;
			children = (
				BE21386D2BC6398600868046 /* Info.plist */,
				BE42792529D12A79005247D8 /* NovaKeyboardAI.entitlements */,
				BE4278EA29D127EF005247D8 /* NovaKeyboardApp.swift */,
				BE4278EC29D127EF005247D8 /* ContentView.swift */,
				SAFARI0001 /* SafariView.swift */,
				BE4278EE29D127F0005247D8 /* Assets.xcassets */,
				BE4278F029D127F0005247D8 /* Preview Content */,
			);
			path = NovaKeyboardAI;
			sourceTree = "<group>";
		};
		BE4278F029D127F0005247D8 /* Preview Content */ = {
			isa = PBXGroup;
			children = (
				BE4278F129D127F0005247D8 /* Preview Assets.xcassets */,
			);
			path = "Preview Content";
			sourceTree = "<group>";
		};
		BE42791929D12807005247D8 /* NovaKeyboard */ = {
			isa = PBXGroup;
			children = (
				BE42792429D12A6E005247D8 /* NovaKeyboard.entitlements */,
				BE42791A29D12807005247D8 /* KeyboardViewController.swift */,
				NK0MOD0000000000000000R0 /* Models.swift */,
				NK0ENG0000000000000000R0 /* NovaAIEngine.swift */,
				NK0VIEW000000000000000R0 /* NovaKeyboardView.swift */,
				NK0VIEWUI0000000000000R0 /* NovaKeyboardView+UI.swift */,
				NK0VIEWPG0000000000000R0 /* NovaKeyboardView+Pages.swift */,
				NK0VIEWKY0000000000000R0 /* NovaKeyboardView+Keys.swift */,
				NK0VIEWLG0000000000000R0 /* NovaKeyboardView+Logic.swift */,
				NK0INPENG000000000000R0 /* InputEngine.swift */,
				BE42791C29D12807005247D8 /* Info.plist */,
			);
			path = NovaKeyboard;
			sourceTree = "<group>";
		};
/* End PBXGroup section */

/* Begin PBXNativeTarget section */
		BE4278E629D127EF005247D8 /* NovaKeyboardAI */ = {
			isa = PBXNativeTarget;
			buildConfigurationList = BE42790B29D127F0005247D8 /* Build configuration list for PBXNativeTarget "NovaKeyboardAI" */;
			buildPhases = (
				BE4278E329D127EF005247D8 /* Sources */,
				BE4278E429D127EF005247D8 /* Frameworks */,
				BE4278E529D127EF005247D8 /* Resources */,
				BE42792329D12807005247D8 /* Embed Foundation Extensions */,
			);
			buildRules = (
			);
			dependencies = (
				BE42791E29D12807005247D8 /* PBXTargetDependency */,
			);
			name = NovaKeyboardAI;
			productName = NovaKeyboardAI;
			productReference = BE4278E729D127EF005247D8 /* NovaKeyboardAI.app */;
			productType = "com.apple.product-type.application";
		};
		BE42791729D12807005247D8 /* NovaKeyboard */ = {
			isa = PBXNativeTarget;
			buildConfigurationList = BE42792029D12807005247D8 /* Build configuration list for PBXNativeTarget "NovaKeyboard" */;
			buildPhases = (
				BE42791429D12807005247D8 /* Sources */,
				BE42791529D12807005247D8 /* Frameworks */,
				BE42791629D12807005247D8 /* Resources */,
			);
			buildRules = (
			);
			dependencies = (
			);
			name = NovaKeyboard;
			productName = NovaKeyboard;
			productReference = BE42791829D12807005247D8 /* NovaKeyboard.appex */;
			productType = "com.apple.product-type.app-extension";
		};
/* End PBXNativeTarget section */

/* Begin PBXProject section */
		BE4278DF29D127EF005247D8 /* Project object */ = {
			isa = PBXProject;
			attributes = {
				BuildIndependentTargetsInParallel = 1;
				LastSwiftUpdateCheck = 1420;
				LastUpgradeCheck = 1420;
				TargetAttributes = {
					BE4278E629D127EF005247D8 = {
						CreatedOnToolsVersion = 14.2;
					};
					BE42791729D12807005247D8 = {
						CreatedOnToolsVersion = 14.2;
					};
				};
			};
			buildConfigurationList = BE4278E229D127EF005247D8 /* Build configuration list for PBXProject "NovaKeyboardAI" */;
			compatibilityVersion = "Xcode 14.0";
			developmentRegion = en;
			hasScannedForEncodings = 0;
			knownRegions = (
				en,
				Base,
			);
			mainGroup = BE4278DE29D127EF005247D8;
			productRefGroup = BE4278E829D127EF005247D8 /* Products */;
			projectDirPath = "";
			projectRoot = "";
			targets = (
				BE4278E629D127EF005247D8 /* NovaKeyboardAI */,
				BE42791729D12807005247D8 /* NovaKeyboard */,
			);
		};
/* End PBXProject section */

/* Begin PBXResourcesBuildPhase section */
		BE4278E529D127EF005247D8 /* Resources */ = {
			isa = PBXResourcesBuildPhase;
			buildActionMask = 2147483647;
			files = (
				BE4278F229D127F0005247D8 /* Preview Assets.xcassets in Resources */,
				BE4278EF29D127F0005247D8 /* Assets.xcassets in Resources */,
			);
			runOnlyForDeploymentPostprocessing = 0;
		};
		BE42791629D12807005247D8 /* Resources */ = {
			isa = PBXResourcesBuildPhase;
			buildActionMask = 2147483647;
			files = (
				BE638D0929D29DB40038278B /* Assets.xcassets in Resources */,
			);
			runOnlyForDeploymentPostprocessing = 0;
		};
/* End PBXResourcesBuildPhase section */

/* Begin PBXSourcesBuildPhase section */
		BE4278E329D127EF005247D8 /* Sources */ = {
			isa = PBXSourcesBuildPhase;
			buildActionMask = 2147483647;
			files = (
				BE4278ED29D127EF005247D8 /* ContentView.swift in Sources */,
				SAFARI0002 /* SafariView.swift in Sources */,
				BE4278EB29D127EF005247D8 /* NovaKeyboardApp.swift in Sources */,
			);
			runOnlyForDeploymentPostprocessing = 0;
		};
		BE42791429D12807005247D8 /* Sources */ = {
			isa = PBXSourcesBuildPhase;
			buildActionMask = 2147483647;
			files = (
				BE42791B29D12807005247D8 /* KeyboardViewController.swift in Sources */,
				NK0MOD0000000000000000B0 /* Models.swift in Sources */,
				NK0ENG0000000000000000B0 /* NovaAIEngine.swift in Sources */,
				NK0VIEW000000000000000B0 /* NovaKeyboardView.swift in Sources */,
				NK0VIEWUI0000000000000B0 /* NovaKeyboardView+UI.swift in Sources */,
				NK0VIEWPG0000000000000B0 /* NovaKeyboardView+Pages.swift in Sources */,
				NK0VIEWKY0000000000000B0 /* NovaKeyboardView+Keys.swift in Sources */,
				NK0VIEWLG0000000000000B0 /* NovaKeyboardView+Logic.swift in Sources */,
				NK0INPENG000000000000B0 /* InputEngine.swift in Sources */,
			);
			runOnlyForDeploymentPostprocessing = 0;
		};
/* End PBXSourcesBuildPhase section */

/* Begin PBXTargetDependency section */
		BE42791E29D12807005247D8 /* PBXTargetDependency */ = {
			isa = PBXTargetDependency;
			target = BE42791729D12807005247D8 /* NovaKeyboard */;
			targetProxy = BE42791D29D12807005247D8 /* PBXContainerItemProxy */;
		};
/* End PBXTargetDependency section */

/* Begin XCBuildConfiguration section */
		BE42790929D127F0005247D8 /* Debug */ = {
			isa = XCBuildConfiguration;
			buildSettings = {
				ALWAYS_SEARCH_USER_PATHS = NO;
				CLANG_ANALYZER_NONNULL = YES;
				CLANG_ANALYZER_NUMBER_OBJECT_CONVERSION = YES_AGGRESSIVE;
				CLANG_CXX_LANGUAGE_STANDARD = "gnu++20";
				CLANG_ENABLE_MODULES = YES;
				CLANG_ENABLE_OBJC_ARC = YES;
				CLANG_ENABLE_OBJC_WEAK = YES;
				CLANG_WARN_BLOCK_CAPTURE_AUTORELEASING = YES;
				CLANG_WARN_BOOL_CONVERSION = YES;
				CLANG_WARN_COMMA = YES;
				CLANG_WARN_CONSTANT_CONVERSION = YES;
				CLANG_WARN_DEPRECATED_OBJC_IMPLEMENTATIONS = YES;
				CLANG_WARN_DIRECT_OBJC_ISA_USAGE = YES_ERROR;
				CLANG_WARN_DOCUMENTATION_COMMENTS = YES;
				CLANG_WARN_EMPTY_BODY = YES;
				CLANG_WARN_ENUM_CONVERSION = YES;
				CLANG_WARN_INFINITE_RECURSION = YES;
				CLANG_WARN_INT_CONVERSION = YES;
				CLANG_WARN_NON_LITERAL_NULL_CONVERSION = YES;
				CLANG_WARN_OBJC_IMPLICIT_RETAIN_SELF = YES;
				CLANG_WARN_OBJC_LITERAL_CONVERSION = YES;
				CLANG_WARN_OBJC_ROOT_CLASS = YES_ERROR;
				CLANG_WARN_QUOTED_INCLUDE_IN_FRAMEWORK_HEADER = YES;
				CLANG_WARN_RANGE_LOOP_ANALYSIS = YES;
				CLANG_WARN_STRICT_PROTOTYPES = YES;
				CLANG_WARN_SUSPICIOUS_MOVE = YES;
				CLANG_WARN_UNGUARDED_AVAILABILITY = YES_AGGRESSIVE;
				CLANG_WARN_UNREACHABLE_CODE = YES;
				CLANG_WARN__DUPLICATE_METHOD_MATCH = YES;
				COPY_PHASE_STRIP = NO;
				DEBUG_INFORMATION_FORMAT = dwarf;
				ENABLE_STRICT_OBJC_MSGSEND = YES;
				ENABLE_TESTABILITY = YES;
				GCC_C_LANGUAGE_STANDARD = gnu11;
				GCC_DYNAMIC_NO_PIC = NO;
				GCC_NO_COMMON_BLOCKS = YES;
				GCC_OPTIMIZATION_LEVEL = 0;
				GCC_PREPROCESSOR_DEFINITIONS = (
					"DEBUG=1",
					"$(inherited)",
				);
				GCC_WARN_64_TO_32_BIT_CONVERSION = YES;
				GCC_WARN_ABOUT_RETURN_TYPE = YES_ERROR;
				GCC_WARN_UNDECLARED_SELECTOR = YES;
				GCC_WARN_UNINITIALIZED_AUTOS = YES_AGGRESSIVE;
				GCC_WARN_UNUSED_FUNCTION = YES;
				GCC_WARN_UNUSED_VARIABLE = YES;
				INFOPLIST_KEY_NSLocalNetworkUsageDescription = "Needs access to local network devices";
				IPHONEOS_DEPLOYMENT_TARGET = 14.0;
				MTL_ENABLE_DEBUG_INFO = INCLUDE_SOURCE;
				MTL_FAST_MATH = YES;
				ONLY_ACTIVE_ARCH = YES;
				SDKROOT = iphoneos;
				SWIFT_ACTIVE_COMPILATION_CONDITIONS = DEBUG;
				SWIFT_OPTIMIZATION_LEVEL = "-Onone";
			};
			name = Debug;
		};
		BE42790A29D127F0005247D8 /* Release */ = {
			isa = XCBuildConfiguration;
			buildSettings = {
				ALWAYS_SEARCH_USER_PATHS = NO;
				CLANG_ANALYZER_NONNULL = YES;
				CLANG_ANALYZER_NUMBER_OBJECT_CONVERSION = YES_AGGRESSIVE;
				CLANG_CXX_LANGUAGE_STANDARD = "gnu++20";
				CLANG_ENABLE_MODULES = YES;
				CLANG_ENABLE_OBJC_ARC = YES;
				CLANG_ENABLE_OBJC_WEAK = YES;
				CLANG_WARN_BLOCK_CAPTURE_AUTORELEASING = YES;
				CLANG_WARN_BOOL_CONVERSION = YES;
				CLANG_WARN_COMMA = YES;
				CLANG_WARN_CONSTANT_CONVERSION = YES;
				CLANG_WARN_DEPRECATED_OBJC_IMPLEMENTATIONS = YES;
				CLANG_WARN_DIRECT_OBJC_ISA_USAGE = YES_ERROR;
				CLANG_WARN_DOCUMENTATION_COMMENTS = YES;
				CLANG_WARN_EMPTY_BODY = YES;
				CLANG_WARN_ENUM_CONVERSION = YES;
				CLANG_WARN_INFINITE_RECURSION = YES;
				CLANG_WARN_INT_CONVERSION = YES;
				CLANG_WARN_NON_LITERAL_NULL_CONVERSION = YES;
				CLANG_WARN_OBJC_IMPLICIT_RETAIN_SELF = YES;
				CLANG_WARN_OBJC_LITERAL_CONVERSION = YES;
				CLANG_WARN_OBJC_ROOT_CLASS = YES_ERROR;
				CLANG_WARN_QUOTED_INCLUDE_IN_FRAMEWORK_HEADER = YES;
				CLANG_WARN_RANGE_LOOP_ANALYSIS = YES;
				CLANG_WARN_STRICT_PROTOTYPES = YES;
				CLANG_WARN_SUSPICIOUS_MOVE = YES;
				CLANG_WARN_UNGUARDED_AVAILABILITY = YES_AGGRESSIVE;
				CLANG_WARN_UNREACHABLE_CODE = YES;
				CLANG_WARN__DUPLICATE_METHOD_MATCH = YES;
				COPY_PHASE_STRIP = NO;
				DEBUG_INFORMATION_FORMAT = "dwarf-with-dsym";
				ENABLE_NS_ASSERTIONS = NO;
				ENABLE_STRICT_OBJC_MSGSEND = YES;
				GCC_C_LANGUAGE_STANDARD = gnu11;
				GCC_NO_COMMON_BLOCKS = YES;
				GCC_WARN_64_TO_32_BIT_CONVERSION = YES;
				GCC_WARN_ABOUT_RETURN_TYPE = YES_ERROR;
				GCC_WARN_UNDECLARED_SELECTOR = YES;
				GCC_WARN_UNINITIALIZED_AUTOS = YES_AGGRESSIVE;
				GCC_WARN_UNUSED_FUNCTION = YES;
				GCC_WARN_UNUSED_VARIABLE = YES;
				INFOPLIST_KEY_NSLocalNetworkUsageDescription = "Needs access to local network devices";
				IPHONEOS_DEPLOYMENT_TARGET = 14.0;
				MTL_ENABLE_DEBUG_INFO = NO;
				MTL_FAST_MATH = YES;
				SDKROOT = iphoneos;
				SWIFT_COMPILATION_MODE = wholemodule;
				SWIFT_OPTIMIZATION_LEVEL = "-O";
				VALIDATE_PRODUCT = YES;
			};
			name = Release;
		};
		BE42790C29D127F0005247D8 /* Debug */ = {
			isa = XCBuildConfiguration;
			buildSettings = {
				ASSETCATALOG_COMPILER_APPICON_NAME = AppIcon;
				ASSETCATALOG_COMPILER_GLOBAL_ACCENT_COLOR_NAME = AccentColor;
				ASSETCATALOG_COMPILER_INCLUDE_ALL_APPICON_ASSETS = YES;
				CODE_SIGN_ENTITLEMENTS = NovaKeyboardAI/NovaKeyboardAI.entitlements;
				CODE_SIGN_IDENTITY = "Apple Development";
				CODE_SIGN_STYLE = Manual;
				CURRENT_PROJECT_VERSION = 1;
				DEVELOPMENT_ASSET_PATHS = "\"NovaKeyboardAI/Preview Content\"";
				DEVELOPMENT_TEAM = "";
				ENABLE_PREVIEWS = YES;
				GENERATE_INFOPLIST_FILE = YES;
				INFOPLIST_FILE = NovaKeyboardAI/Info.plist;
				INFOPLIST_KEY_CFBundleDisplayName = "Nova Keyboard AI";
				INFOPLIST_KEY_LSApplicationCategoryType = "public.app-category.utilities";
				INFOPLIST_KEY_NSLocalNetworkUsageDescription = "Accesses local devices";
				INFOPLIST_KEY_UIApplicationSceneManifest_Generation = YES;
				INFOPLIST_KEY_UIApplicationSupportsIndirectInputEvents = YES;
				INFOPLIST_KEY_UILaunchScreen_Generation = YES;
				INFOPLIST_KEY_UISupportedInterfaceOrientations_iPad = "UIInterfaceOrientationPortrait UIInterfaceOrientationPortraitUpsideDown UIInterfaceOrientationLandscapeLeft UIInterfaceOrientationLandscapeRight";
				INFOPLIST_KEY_UISupportedInterfaceOrientations_iPhone = "UIInterfaceOrientationPortrait UIInterfaceOrientationLandscapeLeft UIInterfaceOrientationLandscapeRight";
				IPHONEOS_DEPLOYMENT_TARGET = 14.0;
				LD_RUNPATH_SEARCH_PATHS = (
					"$(inherited)",
					"@executable_path/Frameworks",
				);
				MARKETING_VERSION = 1.0;
				PRODUCT_BUNDLE_IDENTIFIER = com.soner.NovaAI;
				PRODUCT_NAME = "$(TARGET_NAME)";
				PROVISIONING_PROFILE_SPECIFIER = "";
				SWIFT_EMIT_LOC_STRINGS = YES;
				SWIFT_VERSION = 5.0;
				TARGETED_DEVICE_FAMILY = "1,2";
			};
			name = Debug;
		};
		BE42790D29D127F0005247D8 /* Release */ = {
			isa = XCBuildConfiguration;
			buildSettings = {
				ASSETCATALOG_COMPILER_APPICON_NAME = AppIcon;
				ASSETCATALOG_COMPILER_GLOBAL_ACCENT_COLOR_NAME = AccentColor;
				ASSETCATALOG_COMPILER_INCLUDE_ALL_APPICON_ASSETS = YES;
				CODE_SIGN_ENTITLEMENTS = NovaKeyboardAI/NovaKeyboardAI.entitlements;
				CODE_SIGN_IDENTITY = "Apple Development";
				CODE_SIGN_STYLE = Manual;
				CURRENT_PROJECT_VERSION = 1;
				DEVELOPMENT_ASSET_PATHS = "\"NovaKeyboardAI/Preview Content\"";
				DEVELOPMENT_TEAM = "";
				ENABLE_PREVIEWS = YES;
				GENERATE_INFOPLIST_FILE = YES;
				INFOPLIST_FILE = NovaKeyboardAI/Info.plist;
				INFOPLIST_KEY_CFBundleDisplayName = "Nova Keyboard AI";
				INFOPLIST_KEY_LSApplicationCategoryType = "public.app-category.utilities";
				INFOPLIST_KEY_NSLocalNetworkUsageDescription = "Accesses local devices";
				INFOPLIST_KEY_UIApplicationSceneManifest_Generation = YES;
				INFOPLIST_KEY_UIApplicationSupportsIndirectInputEvents = YES;
				INFOPLIST_KEY_UILaunchScreen_Generation = YES;
				INFOPLIST_KEY_UISupportedInterfaceOrientations_iPad = "UIInterfaceOrientationPortrait UIInterfaceOrientationPortraitUpsideDown UIInterfaceOrientationLandscapeLeft UIInterfaceOrientationLandscapeRight";
				INFOPLIST_KEY_UISupportedInterfaceOrientations_iPhone = "UIInterfaceOrientationPortrait UIInterfaceOrientationLandscapeLeft UIInterfaceOrientationLandscapeRight";
				IPHONEOS_DEPLOYMENT_TARGET = 14.0;
				LD_RUNPATH_SEARCH_PATHS = (
					"$(inherited)",
					"@executable_path/Frameworks",
				);
				MARKETING_VERSION = 1.0;
				PRODUCT_BUNDLE_IDENTIFIER = com.soner.NovaAI;
				PRODUCT_NAME = "$(TARGET_NAME)";
				PROVISIONING_PROFILE_SPECIFIER = "";
				SWIFT_EMIT_LOC_STRINGS = YES;
				SWIFT_VERSION = 5.0;
				TARGETED_DEVICE_FAMILY = "1,2";
			};
			name = Release;
		};
		BE42792129D12807005247D8 /* Debug */ = {
			isa = XCBuildConfiguration;
			buildSettings = {
				CODE_SIGN_ENTITLEMENTS = NovaKeyboard/NovaKeyboard.entitlements;
				CODE_SIGN_STYLE = Manual;
				CURRENT_PROJECT_VERSION = 1;
				DEVELOPMENT_TEAM = "";
				GENERATE_INFOPLIST_FILE = YES;
				INFOPLIST_FILE = NovaKeyboard/Info.plist;
				INFOPLIST_KEY_CFBundleDisplayName = "Nova Keyboard AI";
				INFOPLIST_KEY_NSHumanReadableCopyright = "";
				INFOPLIST_KEY_NSLocalNetworkUsageDescription = "Uses network";
				LD_RUNPATH_SEARCH_PATHS = (
					"$(inherited)",
					"@executable_path/Frameworks",
					"@executable_path/../../Frameworks",
				);
				MARKETING_VERSION = 1.0;
				PRODUCT_BUNDLE_IDENTIFIER = com.soner.NovaAI.NovaKeyboard;
				PRODUCT_NAME = "$(TARGET_NAME)";
				PROVISIONING_PROFILE_SPECIFIER = "";
				SKIP_INSTALL = YES;
				SWIFT_EMIT_LOC_STRINGS = YES;
				SWIFT_VERSION = 5.0;
				TARGETED_DEVICE_FAMILY = "1,2";
			};
			name = Debug;
		};
		BE42792229D12807005247D8 /* Release */ = {
			isa = XCBuildConfiguration;
			buildSettings = {
				CODE_SIGN_ENTITLEMENTS = NovaKeyboard/NovaKeyboard.entitlements;
				CODE_SIGN_STYLE = Manual;
				CURRENT_PROJECT_VERSION = 1;
				DEVELOPMENT_TEAM = "";
				GENERATE_INFOPLIST_FILE = YES;
				INFOPLIST_FILE = NovaKeyboard/Info.plist;
				INFOPLIST_KEY_CFBundleDisplayName = "Nova Keyboard AI";
				INFOPLIST_KEY_NSHumanReadableCopyright = "";
				INFOPLIST_KEY_NSLocalNetworkUsageDescription = "Uses network";
				LD_RUNPATH_SEARCH_PATHS = (
					"$(inherited)",
					"@executable_path/Frameworks",
					"@executable_path/../../Frameworks",
				);
				MARKETING_VERSION = 1.0;
				PRODUCT_BUNDLE_IDENTIFIER = com.soner.NovaAI.NovaKeyboard;
				PRODUCT_NAME = "$(TARGET_NAME)";
				PROVISIONING_PROFILE_SPECIFIER = "";
				SKIP_INSTALL = YES;
				SWIFT_EMIT_LOC_STRINGS = YES;
				SWIFT_VERSION = 5.0;
				TARGETED_DEVICE_FAMILY = "1,2";
			};
			name = Release;
		};
/* End XCBuildConfiguration section */

/* Begin XCConfigurationList section */
		BE4278E229D127EF005247D8 /* Build configuration list for PBXProject "NovaKeyboardAI" */ = {
			isa = XCConfigurationList;
			buildConfigurations = (
				BE42790929D127F0005247D8 /* Debug */,
				BE42790A29D127F0005247D8 /* Release */,
			);
			defaultConfigurationIsVisible = 0;
			defaultConfigurationName = Release;
		};
		BE42790B29D127F0005247D8 /* Build configuration list for PBXNativeTarget "NovaKeyboardAI" */ = {
			isa = XCConfigurationList;
			buildConfigurations = (
				BE42790C29D127F0005247D8 /* Debug */,
				BE42790D29D127F0005247D8 /* Release */,
			);
			defaultConfigurationIsVisible = 0;
			defaultConfigurationName = Release;
		};
		BE42792029D12807005247D8 /* Build configuration list for PBXNativeTarget "NovaKeyboard" */ = {
			isa = XCConfigurationList;
			buildConfigurations = (
				BE42792129D12807005247D8 /* Debug */,
				BE42792229D12807005247D8 /* Release */,
			);
			defaultConfigurationIsVisible = 0;
			defaultConfigurationName = Release;
		};
/* End XCConfigurationList section */
	};
	rootObject = BE4278DF29D127EF005247D8 /* Project object */;
}
